
Microsoft Visual Studio Solution File, Format Version 12.00
# Visual Studio Version 17
VisualStudioVersion = 17.11.35312.102
MinimumVisualStudioVersion = 10.0.40219.1
Project("{9A19103F-16F7-4668-BE54-9A1E7A4F7556}") = "MOTLookup.Service", "MOTLookup.Service\MOTLookup.Service.csproj", "{7E8602D7-EBBF-4686-89D3-B4AAD3A0B014}"
EndProject
Project("{9A19103F-16F7-4668-BE54-9A1E7A4F7556}") = "MOTLookup.Infrastructure", "MOTLookup.Infrastructure\MOTLookup.Infrastructure.csproj", "{4ED5A91D-B384-44F5-A35C-9E627448D3F8}"
EndProject
Project("{9A19103F-16F7-4668-BE54-9A1E7A4F7556}") = "MOTLookup.Models", "MOTLookup.Models\MOTLookup.Models.csproj", "{2C89F202-9A34-4B08-961D-3AF5CF58A104}"
EndProject
Project("{9A19103F-16F7-4668-BE54-9A1E7A4F7556}") = "MOTLookup.Service.Tests", "MOTLookup.Service.Tests\MOTLookup.Service.Tests.csproj", "{6492509F-12D9-47DB-A407-DCDA5198C29C}"
EndProject
Project("{9A19103F-16F7-4668-BE54-9A1E7A4F7556}") = "MOTLookup.Infrastructure.Tests", "MOTLookup.Infrastructure.Tests\MOTLookup.Infrastructure.Tests.csproj", "{E899E725-EFA3-4C6A-8639-7B4F3D800D45}"
EndProject
Project("{9A19103F-16F7-4668-BE54-9A1E7A4F7556}") = "MOTLookup.Presentation", "MOTLookup.Presentation\MOTLookup.Presentation.csproj", "{EC96629D-6887-4311-9012-3B9685AE4CBC}"
EndProject
Project("{9A19103F-16F7-4668-BE54-9A1E7A4F7556}") = "MOTLookup.Utilities", "MOTLookup.Utilities\MOTLookup.Utilities.csproj", "{0A1321FF-7A65-425B-883A-58E2C0ECF20C}"
EndProject
Project("{9A19103F-16F7-4668-BE54-9A1E7A4F7556}") = "MOTLookup.Utilities.Tests", "MOTLookup.Utilities.Tests\MOTLookup.Utilities.Tests.csproj", "{48490B93-9AEE-4149-9FCE-DA36E8152A7B}"
EndProject
Project("{9A19103F-16F7-4668-BE54-9A1E7A4F7556}") = "MOTLookup.Presentation.Tests", "MOTLookup.Presentation.Tests\MOTLookup.Presentation.Tests.csproj", "{BF8E3AF3-A9EF-402B-AE50-27C83B5060AF}"
EndProject
Global
	GlobalSection(SolutionConfigurationPlatforms) = preSolution
		Debug|Any CPU = Debug|Any CPU
		Release|Any CPU = Release|Any CPU
	EndGlobalSection
	GlobalSection(ProjectConfigurationPlatforms) = postSolution
		{7E8602D7-EBBF-4686-89D3-B4AAD3A0B014}.Debug|Any CPU.ActiveCfg = Debug|Any CPU
		{7E8602D7-EBBF-4686-89D3-B4AAD3A0B014}.Debug|Any CPU.Build.0 = Debug|Any CPU
		{7E8602D7-EBBF-4686-89D3-B4AAD3A0B014}.Release|Any CPU.ActiveCfg = Release|Any CPU
		{7E8602D7-EBBF-4686-89D3-B4AAD3A0B014}.Release|Any CPU.Build.0 = Release|Any CPU
		{4ED5A91D-B384-44F5-A35C-9E627448D3F8}.Debug|Any CPU.ActiveCfg = Debug|Any CPU
		{4ED5A91D-B384-44F5-A35C-9E627448D3F8}.Debug|Any CPU.Build.0 = Debug|Any CPU
		{4ED5A91D-B384-44F5-A35C-9E627448D3F8}.Release|Any CPU.ActiveCfg = Release|Any CPU
		{4ED5A91D-B384-44F5-A35C-9E627448D3F8}.Release|Any CPU.Build.0 = Release|Any CPU
		{2C89F202-9A34-4B08-961D-3AF5CF58A104}.Debug|Any CPU.ActiveCfg = Debug|Any CPU
		{2C89F202-9A34-4B08-961D-3AF5CF58A104}.Debug|Any CPU.Build.0 = Debug|Any CPU
		{2C89F202-9A34-4B08-961D-3AF5CF58A104}.Release|Any CPU.ActiveCfg = Release|Any CPU
		{2C89F202-9A34-4B08-961D-3AF5CF58A104}.Release|Any CPU.Build.0 = Release|Any CPU
		{6492509F-12D9-47DB-A407-DCDA5198C29C}.Debug|Any CPU.ActiveCfg = Debug|Any CPU
		{6492509F-12D9-47DB-A407-DCDA5198C29C}.Debug|Any CPU.Build.0 = Debug|Any CPU
		{6492509F-12D9-47DB-A407-DCDA5198C29C}.Release|Any CPU.ActiveCfg = Release|Any CPU
		{6492509F-12D9-47DB-A407-DCDA5198C29C}.Release|Any CPU.Build.0 = Release|Any CPU
		{E899E725-EFA3-4C6A-8639-7B4F3D800D45}.Debug|Any CPU.ActiveCfg = Debug|Any CPU
		{E899E725-EFA3-4C6A-8639-7B4F3D800D45}.Debug|Any CPU.Build.0 = Debug|Any CPU
		{E899E725-EFA3-4C6A-8639-7B4F3D800D45}.Release|Any CPU.ActiveCfg = Release|Any CPU
		{E899E725-EFA3-4C6A-8639-7B4F3D800D45}.Release|Any CPU.Build.0 = Release|Any CPU
		{EC96629D-6887-4311-9012-3B9685AE4CBC}.Debug|Any CPU.ActiveCfg = Debug|Any CPU
		{EC96629D-6887-4311-9012-3B9685AE4CBC}.Debug|Any CPU.Build.0 = Debug|Any CPU
		{EC96629D-6887-4311-9012-3B9685AE4CBC}.Release|Any CPU.ActiveCfg = Release|Any CPU
		{EC96629D-6887-4311-9012-3B9685AE4CBC}.Release|Any CPU.Build.0 = Release|Any CPU
		{0A1321FF-7A65-425B-883A-58E2C0ECF20C}.Debug|Any CPU.ActiveCfg = Debug|Any CPU
		{0A1321FF-7A65-425B-883A-58E2C0ECF20C}.Debug|Any CPU.Build.0 = Debug|Any CPU
		{0A1321FF-7A65-425B-883A-58E2C0ECF20C}.Release|Any CPU.ActiveCfg = Release|Any CPU
		{0A1321FF-7A65-425B-883A-58E2C0ECF20C}.Release|Any CPU.Build.0 = Release|Any CPU
		{48490B93-9AEE-4149-9FCE-DA36E8152A7B}.Debug|Any CPU.ActiveCfg = Debug|Any CPU
		{48490B93-9AEE-4149-9FCE-DA36E8152A7B}.Debug|Any CPU.Build.0 = Debug|Any CPU
		{48490B93-9AEE-4149-9FCE-DA36E8152A7B}.Release|Any CPU.ActiveCfg = Release|Any CPU
		{48490B93-9AEE-4149-9FCE-DA36E8152A7B}.Release|Any CPU.Build.0 = Release|Any CPU
		{BF8E3AF3-A9EF-402B-AE50-27C83B5060AF}.Debug|Any CPU.ActiveCfg = Debug|Any CPU
		{BF8E3AF3-A9EF-402B-AE50-27C83B5060AF}.Debug|Any CPU.Build.0 = Debug|Any CPU
		{BF8E3AF3-A9EF-402B-AE50-27C83B5060AF}.Release|Any CPU.ActiveCfg = Release|Any CPU
		{BF8E3AF3-A9EF-402B-AE50-27C83B5060AF}.Release|Any CPU.Build.0 = Release|Any CPU
	EndGlobalSection
	GlobalSection(SolutionProperties) = preSolution
		HideSolutionNode = FALSE
	EndGlobalSection
	GlobalSection(ExtensibilityGlobals) = postSolution
		SolutionGuid = {6542C7EC-9156-4489-A99B-F71191C0FCFD}
	EndGlobalSection
EndGlobal
